// !$*UTF8*$!
{
	archiveVersion = 1;
	classes = {
	};
	objectVersion = 56;
	objects = {

/* Begin PBXBuildFile section */
		18B49F332CAAEBAE000A10E9 /* Assets.xcassets in Resources */ = {isa = PBXBuildFile; fileRef = 18B49F282CAAEBAE000A10E9 /* Assets.xcassets */; };
		18B49F352CAAEBAE000A10E9 /* LaunchScreen.storyboard in Resources */ = {isa = PBXBuildFile; fileRef = 18B49F2C2CAAEBAE000A10E9 /* LaunchScreen.storyboard */; };
		18B49F362CAAEBAE000A10E9 /* Main.storyboard in Resources */ = {isa = PBXBuildFile; fileRef = 18B49F2E2CAAEBAE000A10E9 /* Main.storyboard */; };
		18B49F372CAAEBAE000A10E9 /* AppDelegate.swift in Sources */ = {isa = PBXBuildFile; fileRef = 18B49F272CAAEBAE000A10E9 /* AppDelegate.swift */; };
		18B49F382CAAEBAE000A10E9 /* Book_Store.xcdatamodeld in Sources */ = {isa = PBXBuildFile; fileRef = 18B49F292CAAEBAE000A10E9 /* Book_Store.xcdatamodeld */; };
		18B49F392CAAEBAE000A10E9 /* SceneDelegate.swift in Sources */ = {isa = PBXBuildFile; fileRef = 18B49F2F2CAAEBAE000A10E9 /* SceneDelegate.swift */; };
		18B49F3A2CAAEBAE000A10E9 /* LoginViewController.swift in Sources */ = {isa = PBXBuildFile; fileRef = 18B49F302CAAEBAE000A10E9 /* LoginViewController.swift */; };
		18B49F3C2CAB0200000A10E9 /* BookStoreViewController.swift in Sources */ = {isa = PBXBuildFile; fileRef = 18B49F3B2CAB0200000A10E9 /* BookStoreViewController.swift */; };
		18B49F3F2CAB0FE1000A10E9 /* ApiViewModel.swift in Sources */ = {isa = PBXBuildFile; fileRef = 18B49F3E2CAB0FE1000A10E9 /* ApiViewModel.swift */; };
		18B49F422CAB1390000A10E9 /* ProductsModel.swift in Sources */ = {isa = PBXBuildFile; fileRef = 18B49F412CAB1390000A10E9 /* ProductsModel.swift */; };
		18B49F442CAB147E000A10E9 /* ProductsCollectionViewCell.swift in Sources */ = {isa = PBXBuildFile; fileRef = 18B49F432CAB147E000A10E9 /* ProductsCollectionViewCell.swift */; };
		4E6A83352652DFCA18CCA381 /* Pods_Book_Store.framework in Frameworks */ = {isa = PBXBuildFile; fileRef = E346D496E4B7C7C7C5DE88A1 /* Pods_Book_Store.framework */; };
/* End PBXBuildFile section */

/* Begin PBXCopyFilesBuildPhase section */
		18F7A0272CAEEB0C0004BDAA /* CopyFiles */ = {
			isa = PBXCopyFilesBuildPhase;
			buildActionMask = 8;
			dstPath = "";
			dstSubfolderSpec = 7;
			files = (
			);
			runOnlyForDeploymentPostprocessing = 1;
		};
/* End PBXCopyFilesBuildPhase section */

/* Begin PBXFileReference section */
		18B49F272CAAEBAE000A10E9 /* AppDelegate.swift */ = {isa = PBXFileReference; lastKnownFileType = sourcecode.swift; path = AppDelegate.swift; sourceTree = "<group>"; };
		18B49F282CAAEBAE000A10E9 /* Assets.xcassets */ = {isa = PBXFileReference; lastKnownFileType = folder.assetcatalog; path = Assets.xcassets; sourceTree = "<group>"; };
		18B49F2A2CAAEBAE000A10E9 /* Info.plist */ = {isa = PBXFileReference; lastKnownFileType = text.plist.xml; path = Info.plist; sourceTree = "<group>"; };
		18B49F2B2CAAEBAE000A10E9 /* Base */ = {isa = PBXFileReference; lastKnownFileType = file.storyboard; name = Base; path = Base.lproj/LaunchScreen.storyboard; sourceTree = "<group>"; };
		18B49F2D2CAAEBAE000A10E9 /* Base */ = {isa = PBXFileReference; lastKnownFileType = file.storyboard; name = Base; path = Base.lproj/Main.storyboard; sourceTree = "<group>"; };
		18B49F2F2CAAEBAE000A10E9 /* SceneDelegate.swift */ = {isa = PBXFileReference; lastKnownFileType = sourcecode.swift; path = SceneDelegate.swift; sourceTree = "<group>"; };
		18B49F302CAAEBAE000A10E9 /* LoginViewController.swift */ = {isa = PBXFileReference; lastKnownFileType = sourcecode.swift; path = LoginViewController.swift; sourceTree = "<group>"; };
		18B49F322CAAEBAE000A10E9 /* Book_Store.xcdatamodel */ = {isa = PBXFileReference; lastKnownFileType = wrapper.xcdatamodel; path = Book_Store.xcdatamodel; sourceTree = "<group>"; };
		18B49F3B2CAB0200000A10E9 /* BookStoreViewController.swift */ = {isa = PBXFileReference; lastKnownFileType = sourcecode.swift; path = BookStoreViewController.swift; sourceTree = "<group>"; };
		18B49F3E2CAB0FE1000A10E9 /* ApiViewModel.swift */ = {isa = PBXFileReference; lastKnownFileType = sourcecode.swift; path = ApiViewModel.swift; sourceTree = "<group>"; };
		18B49F412CAB1390000A10E9 /* ProductsModel.swift */ = {isa = PBXFileReference; lastKnownFileType = sourcecode.swift; path = ProductsModel.swift; sourceTree = "<group>"; };
		18B49F432CAB147E000A10E9 /* ProductsCollectionViewCell.swift */ = {isa = PBXFileReference; lastKnownFileType = sourcecode.swift; path = ProductsCollectionViewCell.swift; sourceTree = "<group>"; };
		18FA826A2C9DCB480075C5D9 /* Book Store.app */ = {isa = PBXFileReference; explicitFileType = wrapper.application; includeInIndex = 0; path = "Book Store.app"; sourceTree = BUILT_PRODUCTS_DIR; };
		56A251B371BC809D40F128B7 /* Pods-Book Store.release.xcconfig */ = {isa = PBXFileReference; includeInIndex = 1; lastKnownFileType = text.xcconfig; name = "Pods-Book Store.release.xcconfig"; path = "Target Support Files/Pods-Book Store/Pods-Book Store.release.xcconfig"; sourceTree = "<group>"; };
		C4C265073CF31DA2F4A12381 /* Pods-Book Store.debug.xcconfig */ = {isa = PBXFileReference; includeInIndex = 1; lastKnownFileType = text.xcconfig; name = "Pods-Book Store.debug.xcconfig"; path = "Target Support Files/Pods-Book Store/Pods-Book Store.debug.xcconfig"; sourceTree = "<group>"; };
		E346D496E4B7C7C7C5DE88A1 /* Pods_Book_Store.framework */ = {isa = PBXFileReference; explicitFileType = wrapper.framework; includeInIndex = 0; path = Pods_Book_Store.framework; sourceTree = BUILT_PRODUCTS_DIR; };
/* End PBXFileReference section */

/* Begin PBXFrameworksBuildPhase section */
		18FA82672C9DCB480075C5D9 /* Frameworks */ = {
			isa = PBXFrameworksBuildPhase;
			buildActionMask = 2147483647;
			files = (
				4E6A83352652DFCA18CCA381 /* Pods_Book_Store.framework in Frameworks */,
			);
			runOnlyForDeploymentPostprocessing = 0;
		};
/* End PBXFrameworksBuildPhase section */

/* Begin PBXGroup section */
		047F95C6DF02D5FF92567B5E /* Frameworks */ = {
			isa = PBXGroup;
			children = (
				E346D496E4B7C7C7C5DE88A1 /* Pods_Book_Store.framework */,
			);
			name = Frameworks;
			sourceTree = "<group>";
		};
		08C855356A1C1B842E206463 /* Pods */ = {
			isa = PBXGroup;
			children = (
				C4C265073CF31DA2F4A12381 /* Pods-Book Store.debug.xcconfig */,
				56A251B371BC809D40F128B7 /* Pods-Book Store.release.xcconfig */,
			);
			path = Pods;
			sourceTree = "<group>";
		};
		18B49F312CAAEBAE000A10E9 /* Book Store */ = {
			isa = PBXGroup;
			children = (
				18B49F272CAAEBAE000A10E9 /* AppDelegate.swift */,
				18B49F282CAAEBAE000A10E9 /* Assets.xcassets */,
				18B49F292CAAEBAE000A10E9 /* Book_Store.xcdatamodeld */,
				18B49F2A2CAAEBAE000A10E9 /* Info.plist */,
				18B49F2C2CAAEBAE000A10E9 /* LaunchScreen.storyboard */,
				18B49F2E2CAAEBAE000A10E9 /* Main.storyboard */,
				18B49F2F2CAAEBAE000A10E9 /* SceneDelegate.swift */,
				18B49F302CAAEBAE000A10E9 /* LoginViewController.swift */,
				18B49F3B2CAB0200000A10E9 /* BookStoreViewController.swift */,
				18B49F432CAB147E000A10E9 /* ProductsCollectionViewCell.swift */,
				18B49F402CAB134D000A10E9 /* Model */,
				18B49F3D2CAB0FB4000A10E9 /* ViewModel */,
			);
			path = "Book Store";
			sourceTree = "<group>";
		};
		18B49F3D2CAB0FB4000A10E9 /* ViewModel */ = {
			isa = PBXGroup;
			children = (
				18B49F3E2CAB0FE1000A10E9 /* ApiViewModel.swift */,
			);
			path = ViewModel;
			sourceTree = "<group>";
		};
		18B49F402CAB134D000A10E9 /* Model */ = {
			isa = PBXGroup;
			children = (
				18B49F412CAB1390000A10E9 /* ProductsModel.swift */,
			);
			path = Model;
			sourceTree = "<group>";
		};
		18FA82612C9DCB480075C5D9 = {
			isa = PBXGroup;
			children = (
				18B49F312CAAEBAE000A10E9 /* Book Store */,
				18FA826B2C9DCB480075C5D9 /* Products */,
				08C855356A1C1B842E206463 /* Pods */,
				047F95C6DF02D5FF92567B5E /* Frameworks */,
			);
			sourceTree = "<group>";
		};
		18FA826B2C9DCB480075C5D9 /* Products */ = {
			isa = PBXGroup;
			children = (
				18FA826A2C9DCB480075C5D9 /* Book Store.app */,
			);
			name = Products;
			sourceTree = "<group>";
		};
/* End PBXGroup section */

/* Begin PBXNativeTarget section */
		18FA82692C9DCB480075C5D9 /* Book Store */ = {
			isa = PBXNativeTarget;
			buildConfigurationList = 18FA82802C9DCB4A0075C5D9 /* Build configuration list for PBXNativeTarget "Book Store" */;
			buildPhases = (
				E3B660E4A8A947729D8FE42A /* [CP] Check Pods Manifest.lock */,
				18FA82662C9DCB480075C5D9 /* Sources */,
				18FA82672C9DCB480075C5D9 /* Frameworks */,
				18FA82682C9DCB480075C5D9 /* Resources */,
				18F7A0272CAEEB0C0004BDAA /* CopyFiles */,
				81CDCB2B5536C00178F4818E /* [CP] Embed Pods Frameworks */,
			);
			buildRules = (
			);
			dependencies = (
			);
			name = "Book Store";
			productName = "Book Store";
			productReference = 18FA826A2C9DCB480075C5D9 /* Book Store.app */;
			productType = "com.apple.product-type.application";
		};
/* End PBXNativeTarget section */

/* Begin PBXProject section */
		18FA82622C9DCB480075C5D9 /* Project object */ = {
			isa = PBXProject;
			attributes = {
				BuildIndependentTargetsInParallel = 1;
				LastSwiftUpdateCheck = 1600;
				LastUpgradeCheck = 1600;
				TargetAttributes = {
					18FA82692C9DCB480075C5D9 = {
						CreatedOnToolsVersion = 16.0;
					};
				};
			};
			buildConfigurationList = 18FA82652C9DCB480075C5D9 /* Build configuration list for PBXProject "Book Store" */;
			compatibilityVersion = "Xcode 14.0";
			developmentRegion = en;
			hasScannedForEncodings = 0;
			knownRegions = (
				en,
				Base,
			);
			mainGroup = 18FA82612C9DCB480075C5D9;
			productRefGroup = 18FA826B2C9DCB480075C5D9 /* Products */;
			projectDirPath = "";
			projectRoot = "";
			targets = (
				18FA82692C9DCB480075C5D9 /* Book Store */,
			);
		};
/* End PBXProject section */

/* Begin PBXResourcesBuildPhase section */
		18FA82682C9DCB480075C5D9 /* Resources */ = {
			isa = PBXResourcesBuildPhase;
			buildActionMask = 2147483647;
			files = (
				18B49F332CAAEBAE000A10E9 /* Assets.xcassets in Resources */,
				18B49F352CAAEBAE000A10E9 /* LaunchScreen.storyboard in Resources */,
				18B49F362CAAEBAE000A10E9 /* Main.storyboard in Resources */,
			);
			runOnlyForDeploymentPostprocessing = 0;
		};
/* End PBXResourcesBuildPhase section */

/* Begin PBXShellScriptBuildPhase section */
		81CDCB2B5536C00178F4818E /* [CP] Embed Pods Frameworks */ = {
			isa = PBXShellScriptBuildPhase;
			buildActionMask = 2147483647;
			files = (
			);
			inputFileListPaths = (
				"${PODS_ROOT}/Target Support Files/Pods-Book Store/Pods-Book Store-frameworks-${CONFIGURATION}-input-files.xcfilelist",
			);
			name = "[CP] Embed Pods Frameworks";
			outputFileListPaths = (
				"${PODS_ROOT}/Target Support Files/Pods-Book Store/Pods-Book Store-frameworks-${CONFIGURATION}-output-files.xcfilelist",
			);
			runOnlyForDeploymentPostprocessing = 0;
			shellPath = /bin/sh;
			shellScript = "\"${PODS_ROOT}/Target Support Files/Pods-Book Store/Pods-Book Store-frameworks.sh\"\n";
			showEnvVarsInLog = 0;
		};
		E3B660E4A8A947729D8FE42A /* [CP] Check Pods Manifest.lock */ = {
			isa = PBXShellScriptBuildPhase;
			buildActionMask = 2147483647;
			files = (
			);
			inputFileListPaths = (
			);
			inputPaths = (
				"${PODS_PODFILE_DIR_PATH}/Podfile.lock",
				"${PODS_ROOT}/Manifest.lock",
			);
			name = "[CP] Check Pods Manifest.lock";
			outputFileListPaths = (
			);
			outputPaths = (
				"$(DERIVED_FILE_DIR)/Pods-Book Store-checkManifestLockResult.txt",
			);
			runOnlyForDeploymentPostprocessing = 0;
			shellPath = /bin/sh;
			shellScript = "diff \"${PODS_PODFILE_DIR_PATH}/Podfile.lock\" \"${PODS_ROOT}/Manifest.lock\" > /dev/null\nif [ $? != 0 ] ; then\n    # print error to STDERR\n    echo \"error: The sandbox is not in sync with the Podfile.lock. Run 'pod install' or update your CocoaPods installation.\" >&2\n    exit 1\nfi\n# This output is used by Xcode 'outputs' to avoid re-running this script phase.\necho \"SUCCESS\" > \"${SCRIPT_OUTPUT_FILE_0}\"\n";
			showEnvVarsInLog = 0;
		};
/* End PBXShellScriptBuildPhase section */

/* Begin PBXSourcesBuildPhase section */
		18FA82662C9DCB480075C5D9 /* Sources */ = {
			isa = PBXSourcesBuildPhase;
			buildActionMask = 2147483647;
			files = (
				18B49F422CAB1390000A10E9 /* ProductsModel.swift in Sources */,
				18B49F372CAAEBAE000A10E9 /* AppDelegate.swift in Sources */,
				18B49F3F2CAB0FE1000A10E9 /* ApiViewModel.swift in Sources */,
				18B49F382CAAEBAE000A10E9 /* Book_Store.xcdatamodeld in Sources */,
				18B49F442CAB147E000A10E9 /* ProductsCollectionViewCell.swift in Sources */,
				18B49F392CAAEBAE000A10E9 /* SceneDelegate.swift in Sources */,
				18B49F3A2CAAEBAE000A10E9 /* LoginViewController.swift in Sources */,
				18B49F3C2CAB0200000A10E9 /* BookStoreViewController.swift in Sources */,
			);
			runOnlyForDeploymentPostprocessing = 0;
		};
/* End PBXSourcesBuildPhase section */

/* Begin PBXVariantGroup section */
		18B49F2C2CAAEBAE000A10E9 /* LaunchScreen.storyboard */ = {
			isa = PBXVariantGroup;
			children = (
				18B49F2B2CAAEBAE000A10E9 /* Base */,
			);
			name = LaunchScreen.storyboard;
			sourceTree = "<group>";
		};
		18B49F2E2CAAEBAE000A10E9 /* Main.storyboard */ = {
			isa = PBXVariantGroup;
			children = (
				18B49F2D2CAAEBAE000A10E9 /* Base */,
			);
			name = Main.storyboard;
			sourceTree = "<group>";
		};
/* End PBXVariantGroup section */

/* Begin XCBuildConfiguration section */
		18FA82812C9DCB4A0075C5D9 /* Debug */ = {
			isa = XCBuildConfiguration;
			baseConfigurationReference = C4C265073CF31DA2F4A12381 /* Pods-Book Store.debug.xcconfig */;
			buildSettings = {
				ASSETCATALOG_COMPILER_APPICON_NAME = AppIcon;
				ASSETCATALOG_COMPILER_GLOBAL_ACCENT_COLOR_NAME = AccentColor;
				CODE_SIGN_STYLE = Automatic;
				CURRENT_PROJECT_VERSION = 1;
				DEVELOPMENT_TEAM = "";
				GENERATE_INFOPLIST_FILE = YES;
				INFOPLIST_FILE = "Book Store/Info.plist";
				INFOPLIST_KEY_UIApplicationSupportsIndirectInputEvents = YES;
				INFOPLIST_KEY_UILaunchStoryboardName = LaunchScreen;
				INFOPLIST_KEY_UIMainStoryboardFile = Main;
				INFOPLIST_KEY_UISupportedInterfaceOrientations_iPad = "UIInterfaceOrientationPortrait UIInterfaceOrientationPortraitUpsideDown UIInterfaceOrientationLandscapeLeft UIInterfaceOrientationLandscapeRight";
				INFOPLIST_KEY_UISupportedInterfaceOrientations_iPhone = "UIInterfaceOrientationPortrait UIInterfaceOrientationLandscapeLeft UIInterfaceOrientationLandscapeRight";
				LD_RUNPATH_SEARCH_PATHS = (
					"$(inherited)",
					"@executable_path/Frameworks",
				);
				MARKETING_VERSION = 1.0;
				PRODUCT_BUNDLE_IDENTIFIER = "Apple.Book-Store";
				PRODUCT_NAME = "$(TARGET_NAME)";
				SWIFT_EMIT_LOC_STRINGS = YES;
				SWIFT_VERSION = 5.0;
				TARGETED_DEVICE_FAMILY = "1,2";
			};
			name = Debug;
		};
		18FA82822C9DCB4A0075C5D9 /* Release */ = {
			isa = XCBuildConfiguration;
			baseConfigurationReference = 56A251B371BC809D40F128B7 /* Pods-Book Store.release.xcconfig */;
			buildSettings = {
				ASSETCATALOG_COMPILER_APPICON_NAME = AppIcon;
				ASSETCATALOG_COMPILER_GLOBAL_ACCENT_COLOR_NAME = AccentColor;
				CODE_SIGN_STYLE = Automatic;
				CURRENT_PROJECT_VERSION = 1;
				DEVELOPMENT_TEAM = "";
				GENERATE_INFOPLIST_FILE = YES;
				INFOPLIST_FILE = "Book Store/Info.plist";
				INFOPLIST_KEY_UIApplicationSupportsIndirectInputEvents = YES;
				INFOPLIST_KEY_UILaunchStoryboardName = LaunchScreen;
				INFOPLIST_KEY_UIMainStoryboardFile = Main;
				INFOPLIST_KEY_UISupportedInterfaceOrientations_iPad = "UIInterfaceOrientationPortrait UIInterfaceOrientationPortraitUpsideDown UIInterfaceOrientationLandscapeLeft UIInterfaceOrientationLandscapeRight";
				INFOPLIST_KEY_UISupportedInterfaceOrientations_iPhone = "UIInterfaceOrientationPortrait UIInterfaceOrientationLandscapeLeft UIInterfaceOrientationLandscapeRight";
				LD_RUNPATH_SEARCH_PATHS = (
					"$(inherited)",
					"@executable_path/Frameworks",
				);
				MARKETING_VERSION = 1.0;
				PRODUCT_BUNDLE_IDENTIFIER = "Apple.Book-Store";
				PRODUCT_NAME = "$(TARGET_NAME)";
				SWIFT_EMIT_LOC_STRINGS = YES;
				SWIFT_VERSION = 5.0;
				TARGETED_DEVICE_FAMILY = "1,2";
			};
			name = Release;
		};
		18FA82832C9DCB4A0075C5D9 /* Debug */ = {
			isa = XCBuildConfiguration;
			buildSettings = {
				ALWAYS_EMBED_SWIFT_STANDARD_LIBRARIES = YES;
				ALWAYS_SEARCH_USER_PATHS = NO;
				ASSETCATALOG_COMPILER_GENERATE_SWIFT_ASSET_SYMBOL_EXTENSIONS = YES;
				CLANG_ANALYZER_NONNULL = YES;
				CLANG_ANALYZER_NUMBER_OBJECT_CONVERSION = YES_AGGRESSIVE;
				CLANG_CXX_LANGUAGE_STANDARD = "gnu++20";
				CLANG_ENABLE_MODULES = YES;
				CLANG_ENABLE_OBJC_ARC = YES;
				CLANG_ENABLE_OBJC_WEAK = YES;
				CLANG_WARN_BLOCK_CAPTURE_AUTORELEASING = YES;
				CLANG_WARN_BOOL_CONVERSION = YES;
				CLANG_WARN_COMMA = YES;
				CLANG_WARN_CONSTANT_CONVERSION = YES;
				CLANG_WARN_DEPRECATED_OBJC_IMPLEMENTATIONS = YES;
				CLANG_WARN_DIRECT_OBJC_ISA_USAGE = YES_ERROR;
				CLANG_WARN_DOCUMENTATION_COMMENTS = YES;
				CLANG_WARN_EMPTY_BODY = YES;
				CLANG_WARN_ENUM_CONVERSION = YES;
				CLANG_WARN_INFINITE_RECURSION = YES;
				CLANG_WARN_INT_CONVERSION = YES;
				CLANG_WARN_NON_LITERAL_NULL_CONVERSION = YES;
				CLANG_WARN_OBJC_IMPLICIT_RETAIN_SELF = YES;
				CLANG_WARN_OBJC_LITERAL_CONVERSION = YES;
				CLANG_WARN_OBJC_ROOT_CLASS = YES_ERROR;
				CLANG_WARN_QUOTED_INCLUDE_IN_FRAMEWORK_HEADER = YES;
				CLANG_WARN_RANGE_LOOP_ANALYSIS = YES;
				CLANG_WARN_STRICT_PROTOTYPES = YES;
				CLANG_WARN_SUSPICIOUS_MOVE = YES;
				CLANG_WARN_UNGUARDED_AVAILABILITY = YES_AGGRESSIVE;
				CLANG_WARN_UNREACHABLE_CODE = YES;
				CLANG_WARN__DUPLICATE_METHOD_MATCH = YES;
				COPY_PHASE_STRIP = NO;
				DEBUG_INFORMATION_FORMAT = dwarf;
				ENABLE_STRICT_OBJC_MSGSEND = YES;
				ENABLE_TESTABILITY = YES;
				ENABLE_USER_SCRIPT_SANDBOXING = NO;
				GCC_C_LANGUAGE_STANDARD = gnu17;
				GCC_DYNAMIC_NO_PIC = NO;
				GCC_NO_COMMON_BLOCKS = YES;
				GCC_OPTIMIZATION_LEVEL = 0;
				GCC_PREPROCESSOR_DEFINITIONS = (
					"DEBUG=1",
					"$(inherited)",
				);
				GCC_WARN_64_TO_32_BIT_CONVERSION = YES;
				GCC_WARN_ABOUT_RETURN_TYPE = YES_ERROR;
				GCC_WARN_UNDECLARED_SELECTOR = YES;
				GCC_WARN_UNINITIALIZED_AUTOS = YES_AGGRESSIVE;
				GCC_WARN_UNUSED_FUNCTION = YES;
				GCC_WARN_UNUSED_VARIABLE = YES;
				IPHONEOS_DEPLOYMENT_TARGET = 18.0;
				LOCALIZATION_PREFERS_STRING_CATALOGS = YES;
				MTL_ENABLE_DEBUG_INFO = INCLUDE_SOURCE;
				MTL_FAST_MATH = YES;
				ONLY_ACTIVE_ARCH = YES;
				SDKROOT = iphoneos;
				SWIFT_ACTIVE_COMPILATION_CONDITIONS = "DEBUG $(inherited)";
				SWIFT_OPTIMIZATION_LEVEL = "-Onone";
			};
			name = Debug;
		};
		18FA82842C9DCB4A0075C5D9 /* Release */ = {
			isa = XCBuildConfiguration;
			buildSettings = {
				ALWAYS_EMBED_SWIFT_STANDARD_LIBRARIES = YES;
				ALWAYS_SEARCH_USER_PATHS = NO;
				ASSETCATALOG_COMPILER_GENERATE_SWIFT_ASSET_SYMBOL_EXTENSIONS = YES;
				CLANG_ANALYZER_NONNULL = YES;
				CLANG_ANALYZER_NUMBER_OBJECT_CONVERSION = YES_AGGRESSIVE;
				CLANG_CXX_LANGUAGE_STANDARD = "gnu++20";
				CLANG_ENABLE_MODULES = YES;
				CLANG_ENABLE_OBJC_ARC = YES;
				CLANG_ENABLE_OBJC_WEAK = YES;
				CLANG_WARN_BLOCK_CAPTURE_AUTORELEASING = YES;
				CLANG_WARN_BOOL_CONVERSION = YES;
				CLANG_WARN_COMMA = YES;
				CLANG_WARN_CONSTANT_CONVERSION = YES;
				CLANG_WARN_DEPRECATED_OBJC_IMPLEMENTATIONS = YES;
				CLANG_WARN_DIRECT_OBJC_ISA_USAGE = YES_ERROR;
				CLANG_WARN_DOCUMENTATION_COMMENTS = YES;
				CLANG_WARN_EMPTY_BODY = YES;
				CLANG_WARN_ENUM_CONVERSION = YES;
				CLANG_WARN_INFINITE_RECURSION = YES;
				CLANG_WARN_INT_CONVERSION = YES;
				CLANG_WARN_NON_LITERAL_NULL_CONVERSION = YES;
				CLANG_WARN_OBJC_IMPLICIT_RETAIN_SELF = YES;
				CLANG_WARN_OBJC_LITERAL_CONVERSION = YES;
				CLANG_WARN_OBJC_ROOT_CLASS = YES_ERROR;
				CLANG_WARN_QUOTED_INCLUDE_IN_FRAMEWORK_HEADER = YES;
				CLANG_WARN_RANGE_LOOP_ANALYSIS = YES;
				CLANG_WARN_STRICT_PROTOTYPES = YES;
				CLANG_WARN_SUSPICIOUS_MOVE = YES;
				CLANG_WARN_UNGUARDED_AVAILABILITY = YES_AGGRESSIVE;
				CLANG_WARN_UNREACHABLE_CODE = YES;
				CLANG_WARN__DUPLICATE_METHOD_MATCH = YES;
				COPY_PHASE_STRIP = NO;
				DEBUG_INFORMATION_FORMAT = "dwarf-with-dsym";
				ENABLE_NS_ASSERTIONS = NO;
				ENABLE_STRICT_OBJC_MSGSEND = YES;
				ENABLE_USER_SCRIPT_SANDBOXING = NO;
				GCC_C_LANGUAGE_STANDARD = gnu17;
				GCC_NO_COMMON_BLOCKS = YES;
				GCC_WARN_64_TO_32_BIT_CONVERSION = YES;
				GCC_WARN_ABOUT_RETURN_TYPE = YES_ERROR;
				GCC_WARN_UNDECLARED_SELECTOR = YES;
				GCC_WARN_UNINITIALIZED_AUTOS = YES_AGGRESSIVE;
				GCC_WARN_UNUSED_FUNCTION = YES;
				GCC_WARN_UNUSED_VARIABLE = YES;
				IPHONEOS_DEPLOYMENT_TARGET = 18.0;
				LOCALIZATION_PREFERS_STRING_CATALOGS = YES;
				MTL_ENABLE_DEBUG_INFO = NO;
				MTL_FAST_MATH = YES;
				SDKROOT = iphoneos;
				SWIFT_COMPILATION_MODE = wholemodule;
				VALIDATE_PRODUCT = YES;
			};
			name = Release;
		};
/* End XCBuildConfiguration section */

/* Begin XCConfigurationList section */
		18FA82652C9DCB480075C5D9 /* Build configuration list for PBXProject "Book Store" */ = {
			isa = XCConfigurationList;
			buildConfigurations = (
				18FA82832C9DCB4A0075C5D9 /* Debug */,
				18FA82842C9DCB4A0075C5D9 /* Release */,
			);
			defaultConfigurationIsVisible = 0;
			defaultConfigurationName = Release;
		};
		18FA82802C9DCB4A0075C5D9 /* Build configuration list for PBXNativeTarget "Book Store" */ = {
			isa = XCConfigurationList;
			buildConfigurations = (
				18FA82812C9DCB4A0075C5D9 /* Debug */,
				18FA82822C9DCB4A0075C5D9 /* Release */,
			);
			defaultConfigurationIsVisible = 0;
			defaultConfigurationName = Release;
		};
/* End XCConfigurationList section */

/* Begin XCVersionGroup section */
		18B49F292CAAEBAE000A10E9 /* Book_Store.xcdatamodeld */ = {
			isa = XCVersionGroup;
			children = (
				18B49F322CAAEBAE000A10E9 /* Book_Store.xcdatamodel */,
			);
			currentVersion = 18B49F322CAAEBAE000A10E9 /* Book_Store.xcdatamodel */;
			path = Book_Store.xcdatamodeld;
			sourceTree = "<group>";
			versionGroupType = wrapper.xcdatamodel;
		};
/* End XCVersionGroup section */
	};
	rootObject = 18FA82622C9DCB480075C5D9 /* Project object */;
}
